// !$*UTF8*$!
{
	archiveVersion = 1;
	classes = {
	};
	objectVersion = 46;
	objects = {

/* Begin PBXBuildFile section */
		3031D8E52BB0FCFB8E145CB4 /* Pods_Note.framework in Frameworks */ = {isa = PBXBuildFile; fileRef = CF5D295BE58C7792553FAD73 /* Pods_Note.framework */; };
		BE0797E51C16899E008D475C /* SettingViewController.swift in Sources */ = {isa = PBXBuildFile; fileRef = BE0797E41C16899E008D475C /* SettingViewController.swift */; };
		BE0797E71C168E39008D475C /* LeftViewCell.swift in Sources */ = {isa = PBXBuildFile; fileRef = BE0797E61C168E39008D475C /* LeftViewCell.swift */; };
		BE0797F61C169B71008D475C /* PreviewViewController.swift in Sources */ = {isa = PBXBuildFile; fileRef = BE0797F11C169B71008D475C /* PreviewViewController.swift */; };
		BE0797F71C169B71008D475C /* marked.min.js in Resources */ = {isa = PBXBuildFile; fileRef = BE0797F21C169B71008D475C /* marked.min.js */; };
		BE0797F81C169B71008D475C /* highlight.min.js in Resources */ = {isa = PBXBuildFile; fileRef = BE0797F31C169B71008D475C /* highlight.min.js */; };
		BE0797F91C169B71008D475C /* dark.min.css in Resources */ = {isa = PBXBuildFile; fileRef = BE0797F41C169B71008D475C /* dark.min.css */; };
		BE0797FA1C169B71008D475C /* preview.html in Resources */ = {isa = PBXBuildFile; fileRef = BE0797F51C169B71008D475C /* preview.html */; };
		BE0797FC1C16EB33008D475C /* myicomoon.ttf in Resources */ = {isa = PBXBuildFile; fileRef = BE0797FB1C16EB33008D475C /* myicomoon.ttf */; };
		BE0797FE1C16EB66008D475C /* IcoMoon.swift in Sources */ = {isa = PBXBuildFile; fileRef = BE0797FD1C16EB66008D475C /* IcoMoon.swift */; };
		BE0A85761C1EC9510036FEBC /* MarkDownParse.swift in Sources */ = {isa = PBXBuildFile; fileRef = BE0A85751C1EC9510036FEBC /* MarkDownParse.swift */; };
		BE0A85781C1ECDD00036FEBC /* note.md in Sources */ = {isa = PBXBuildFile; fileRef = BE0A85771C1ECDD00036FEBC /* note.md */; };
		BE0A85791C1ECE120036FEBC /* note.md in Resources */ = {isa = PBXBuildFile; fileRef = BE0A85771C1ECDD00036FEBC /* note.md */; };
		BE1BFF081C1AC95100AA77E9 /* SetViewCell.swift in Sources */ = {isa = PBXBuildFile; fileRef = BE1BFF071C1AC95100AA77E9 /* SetViewCell.swift */; };
		BE1BFF0A1C1BFB5700AA77E9 /* PopupViewController.swift in Sources */ = {isa = PBXBuildFile; fileRef = BE1BFF091C1BFB5700AA77E9 /* PopupViewController.swift */; };
		BE248F2F1C17EDD900609600 /* HRToast+UIView.swift in Sources */ = {isa = PBXBuildFile; fileRef = BE248F2E1C17EDD900609600 /* HRToast+UIView.swift */; };
		BE248F321C1836D100609600 /* HelpViewController.swift in Sources */ = {isa = PBXBuildFile; fileRef = BE248F311C1836D100609600 /* HelpViewController.swift */; };
		BE248F341C18375D00609600 /* FeedbackViewController.swift in Sources */ = {isa = PBXBuildFile; fileRef = BE248F331C18375D00609600 /* FeedbackViewController.swift */; };
		BE5592101C21084000B02B7A /* SetConfig.swift in Sources */ = {isa = PBXBuildFile; fileRef = BE55920F1C21084000B02B7A /* SetConfig.swift */; };
		BE5592121C210D4C00B02B7A /* SelfConfig.swift in Sources */ = {isa = PBXBuildFile; fileRef = BE5592111C210D4C00B02B7A /* SelfConfig.swift */; };
		BE6AB8421C2A50A200C3BA9D /* InfoPlist.strings in Resources */ = {isa = PBXBuildFile; fileRef = BE6AB8441C2A50A200C3BA9D /* InfoPlist.strings */; };
		BE7854DB1C1E9E5E00C42EFC /* FormatPopupViewController.swift in Sources */ = {isa = PBXBuildFile; fileRef = BE7854DA1C1E9E5E00C42EFC /* FormatPopupViewController.swift */; };
		BE7854DD1C1E9E9000C42EFC /* NamePopupViewController.swift in Sources */ = {isa = PBXBuildFile; fileRef = BE7854DC1C1E9E9000C42EFC /* NamePopupViewController.swift */; };
		BE7854DF1C1EA70200C42EFC /* SettingModel.swift in Sources */ = {isa = PBXBuildFile; fileRef = BE7854DE1C1EA70200C42EFC /* SettingModel.swift */; };
		BE7E463B1C157454006A40F2 /* AppDelegate.swift in Sources */ = {isa = PBXBuildFile; fileRef = BE7E463A1C157454006A40F2 /* AppDelegate.swift */; };
		BE7E463D1C157454006A40F2 /* ViewController.swift in Sources */ = {isa = PBXBuildFile; fileRef = BE7E463C1C157454006A40F2 /* ViewController.swift */; };
		BE7E46401C157454006A40F2 /* Main.storyboard in Resources */ = {isa = PBXBuildFile; fileRef = BE7E463E1C157454006A40F2 /* Main.storyboard */; };
		BE7E46421C157454006A40F2 /* Assets.xcassets in Resources */ = {isa = PBXBuildFile; fileRef = BE7E46411C157454006A40F2 /* Assets.xcassets */; };
		BE7E46451C157454006A40F2 /* LaunchScreen.storyboard in Resources */ = {isa = PBXBuildFile; fileRef = BE7E46431C157454006A40F2 /* LaunchScreen.storyboard */; };
		BE7E464D1C157498006A40F2 /* ButtonComponent.swift in Sources */ = {isa = PBXBuildFile; fileRef = BE7E464C1C157498006A40F2 /* ButtonComponent.swift */; };
		BE7E464F1C157B8E006A40F2 /* ViewComponent.swift in Sources */ = {isa = PBXBuildFile; fileRef = BE7E464E1C157B8E006A40F2 /* ViewComponent.swift */; };
		BE7E46511C157BC7006A40F2 /* ColorComponent.swift in Sources */ = {isa = PBXBuildFile; fileRef = BE7E46501C157BC7006A40F2 /* ColorComponent.swift */; };
		BE7E46541C157EC3006A40F2 /* GoogleIcon.swift in Sources */ = {isa = PBXBuildFile; fileRef = BE7E46521C157EC3006A40F2 /* GoogleIcon.swift */; };
		BE7E46551C157EC3006A40F2 /* googleicon.ttf in Resources */ = {isa = PBXBuildFile; fileRef = BE7E46531C157EC3006A40F2 /* googleicon.ttf */; };
		BE7E465D1C15A2C2006A40F2 /* MyDocument.swift in Sources */ = {isa = PBXBuildFile; fileRef = BE7E465C1C15A2C2006A40F2 /* MyDocument.swift */; };
		BE7E465F1C15AD81006A40F2 /* ItemCell.swift in Sources */ = {isa = PBXBuildFile; fileRef = BE7E465E1C15AD81006A40F2 /* ItemCell.swift */; };
		BE7E46611C15CABA006A40F2 /* TextViewController.swift in Sources */ = {isa = PBXBuildFile; fileRef = BE7E46601C15CABA006A40F2 /* TextViewController.swift */; };
		BE7E46681C15DA31006A40F2 /* TimeConponent.swift in Sources */ = {isa = PBXBuildFile; fileRef = BE7E46671C15DA31006A40F2 /* TimeConponent.swift */; };
		BEBA12461C16FCF9003D6AD2 /* PDFViewController.swift in Sources */ = {isa = PBXBuildFile; fileRef = BEBA12451C16FCF9003D6AD2 /* PDFViewController.swift */; };
		BEC92B811C15EC6E00A2645C /* UIViewController.swift in Sources */ = {isa = PBXBuildFile; fileRef = BEC92B801C15EC6E00A2645C /* UIViewController.swift */; };
		BEC92B831C167E5C00A2645C /* LeftViewController.swift in Sources */ = {isa = PBXBuildFile; fileRef = BEC92B821C167E5C00A2645C /* LeftViewController.swift */; };
		BEC92B851C167FC900A2645C /* SlideMenuController.swift in Sources */ = {isa = PBXBuildFile; fileRef = BEC92B841C167FC900A2645C /* SlideMenuController.swift */; };
		BEECB1791C1731EF003A34B0 /* EditToolBarController.swift in Sources */ = {isa = PBXBuildFile; fileRef = BEECB1771C1731EF003A34B0 /* EditToolBarController.swift */; };
		BEECB17A1C1731EF003A34B0 /* EditToolBarController.xib in Resources */ = {isa = PBXBuildFile; fileRef = BEECB1781C1731EF003A34B0 /* EditToolBarController.xib */; };
		BEECB17D1C1742C7003A34B0 /* WebServerViewController.swift in Sources */ = {isa = PBXBuildFile; fileRef = BEECB17C1C1742C7003A34B0 /* WebServerViewController.swift */; };
		BEECB17F1C17438E003A34B0 /* GCDWebUploader.bundle in Resources */ = {isa = PBXBuildFile; fileRef = BEECB17E1C17438E003A34B0 /* GCDWebUploader.bundle */; };
/* End PBXBuildFile section */

/* Begin PBXFileReference section */
		3BBB48757D7B4F33880F919C /* Pods-Note.release.xcconfig */ = {isa = PBXFileReference; includeInIndex = 1; lastKnownFileType = text.xcconfig; name = "Pods-Note.release.xcconfig"; path = "Pods/Target Support Files/Pods-Note/Pods-Note.release.xcconfig"; sourceTree = "<group>"; };
		BE0797E41C16899E008D475C /* SettingViewController.swift */ = {isa = PBXFileReference; fileEncoding = 4; lastKnownFileType = sourcecode.swift; path = SettingViewController.swift; sourceTree = "<group>"; };
		BE0797E61C168E39008D475C /* LeftViewCell.swift */ = {isa = PBXFileReference; fileEncoding = 4; lastKnownFileType = sourcecode.swift; path = LeftViewCell.swift; sourceTree = "<group>"; };
		BE0797F11C169B71008D475C /* PreviewViewController.swift */ = {isa = PBXFileReference; fileEncoding = 4; lastKnownFileType = sourcecode.swift; path = PreviewViewController.swift; sourceTree = "<group>"; };
		BE0797F21C169B71008D475C /* marked.min.js */ = {isa = PBXFileReference; fileEncoding = 4; lastKnownFileType = sourcecode.javascript; path = marked.min.js; sourceTree = "<group>"; };
		BE0797F31C169B71008D475C /* highlight.min.js */ = {isa = PBXFileReference; fileEncoding = 4; lastKnownFileType = sourcecode.javascript; path = highlight.min.js; sourceTree = "<group>"; };
		BE0797F41C169B71008D475C /* dark.min.css */ = {isa = PBXFileReference; fileEncoding = 4; lastKnownFileType = text.css; path = dark.min.css; sourceTree = "<group>"; };
		BE0797F51C169B71008D475C /* preview.html */ = {isa = PBXFileReference; fileEncoding = 4; lastKnownFileType = text.html; path = preview.html; sourceTree = "<group>"; };
		BE0797FB1C16EB33008D475C /* myicomoon.ttf */ = {isa = PBXFileReference; lastKnownFileType = file; path = myicomoon.ttf; sourceTree = "<group>"; };
		BE0797FD1C16EB66008D475C /* IcoMoon.swift */ = {isa = PBXFileReference; fileEncoding = 4; lastKnownFileType = sourcecode.swift; path = IcoMoon.swift; sourceTree = "<group>"; };
		BE0A85751C1EC9510036FEBC /* MarkDownParse.swift */ = {isa = PBXFileReference; fileEncoding = 4; lastKnownFileType = sourcecode.swift; path = MarkDownParse.swift; sourceTree = "<group>"; };
		BE0A85771C1ECDD00036FEBC /* note.md */ = {isa = PBXFileReference; fileEncoding = 4; lastKnownFileType = net.daringfireball.markdown; path = note.md; sourceTree = "<group>"; };
		BE1BFF071C1AC95100AA77E9 /* SetViewCell.swift */ = {isa = PBXFileReference; fileEncoding = 4; lastKnownFileType = sourcecode.swift; path = SetViewCell.swift; sourceTree = "<group>"; };
		BE1BFF091C1BFB5700AA77E9 /* PopupViewController.swift */ = {isa = PBXFileReference; fileEncoding = 4; lastKnownFileType = sourcecode.swift; path = PopupViewController.swift; sourceTree = "<group>"; };
		BE248F2E1C17EDD900609600 /* HRToast+UIView.swift */ = {isa = PBXFileReference; fileEncoding = 4; lastKnownFileType = sourcecode.swift; path = "HRToast+UIView.swift"; sourceTree = "<group>"; };
		BE248F311C1836D100609600 /* HelpViewController.swift */ = {isa = PBXFileReference; fileEncoding = 4; lastKnownFileType = sourcecode.swift; path = HelpViewController.swift; sourceTree = "<group>"; };
		BE248F331C18375D00609600 /* FeedbackViewController.swift */ = {isa = PBXFileReference; fileEncoding = 4; lastKnownFileType = sourcecode.swift; path = FeedbackViewController.swift; sourceTree = "<group>"; };
		BE55920F1C21084000B02B7A /* SetConfig.swift */ = {isa = PBXFileReference; fileEncoding = 4; lastKnownFileType = sourcecode.swift; path = SetConfig.swift; sourceTree = "<group>"; };
		BE5592111C210D4C00B02B7A /* SelfConfig.swift */ = {isa = PBXFileReference; fileEncoding = 4; lastKnownFileType = sourcecode.swift; path = SelfConfig.swift; sourceTree = "<group>"; };
		BE6AB8431C2A50A200C3BA9D /* Base */ = {isa = PBXFileReference; lastKnownFileType = text.plist.strings; name = Base; path = Base.lproj/InfoPlist.strings; sourceTree = "<group>"; };
		BE6AB8451C2A50B100C3BA9D /* en */ = {isa = PBXFileReference; lastKnownFileType = text.plist.strings; name = en; path = en.lproj/InfoPlist.strings; sourceTree = "<group>"; };
		BE7854DA1C1E9E5E00C42EFC /* FormatPopupViewController.swift */ = {isa = PBXFileReference; fileEncoding = 4; lastKnownFileType = sourcecode.swift; path = FormatPopupViewController.swift; sourceTree = "<group>"; };
		BE7854DC1C1E9E9000C42EFC /* NamePopupViewController.swift */ = {isa = PBXFileReference; fileEncoding = 4; lastKnownFileType = sourcecode.swift; path = NamePopupViewController.swift; sourceTree = "<group>"; };
		BE7854DE1C1EA70200C42EFC /* SettingModel.swift */ = {isa = PBXFileReference; fileEncoding = 4; lastKnownFileType = sourcecode.swift; path = SettingModel.swift; sourceTree = "<group>"; };
		BE7E46371C157453006A40F2 /* Note.app */ = {isa = PBXFileReference; explicitFileType = wrapper.application; includeInIndex = 0; path = Note.app; sourceTree = BUILT_PRODUCTS_DIR; };
		BE7E463A1C157454006A40F2 /* AppDelegate.swift */ = {isa = PBXFileReference; lastKnownFileType = sourcecode.swift; path = AppDelegate.swift; sourceTree = "<group>"; };
		BE7E463C1C157454006A40F2 /* ViewController.swift */ = {isa = PBXFileReference; lastKnownFileType = sourcecode.swift; path = ViewController.swift; sourceTree = "<group>"; };
		BE7E463F1C157454006A40F2 /* Base */ = {isa = PBXFileReference; lastKnownFileType = file.storyboard; name = Base; path = Base.lproj/Main.storyboard; sourceTree = "<group>"; };
		BE7E46411C157454006A40F2 /* Assets.xcassets */ = {isa = PBXFileReference; lastKnownFileType = folder.assetcatalog; path = Assets.xcassets; sourceTree = "<group>"; };
		BE7E46441C157454006A40F2 /* Base */ = {isa = PBXFileReference; lastKnownFileType = file.storyboard; name = Base; path = Base.lproj/LaunchScreen.storyboard; sourceTree = "<group>"; };
		BE7E46461C157454006A40F2 /* Info.plist */ = {isa = PBXFileReference; lastKnownFileType = text.plist.xml; path = Info.plist; sourceTree = "<group>"; };
		BE7E464C1C157498006A40F2 /* ButtonComponent.swift */ = {isa = PBXFileReference; fileEncoding = 4; lastKnownFileType = sourcecode.swift; path = ButtonComponent.swift; sourceTree = "<group>"; };
		BE7E464E1C157B8E006A40F2 /* ViewComponent.swift */ = {isa = PBXFileReference; fileEncoding = 4; lastKnownFileType = sourcecode.swift; path = ViewComponent.swift; sourceTree = "<group>"; };
		BE7E46501C157BC7006A40F2 /* ColorComponent.swift */ = {isa = PBXFileReference; fileEncoding = 4; lastKnownFileType = sourcecode.swift; path = ColorComponent.swift; sourceTree = "<group>"; };
		BE7E46521C157EC3006A40F2 /* GoogleIcon.swift */ = {isa = PBXFileReference; fileEncoding = 4; lastKnownFileType = sourcecode.swift; path = GoogleIcon.swift; sourceTree = "<group>"; };
		BE7E46531C157EC3006A40F2 /* googleicon.ttf */ = {isa = PBXFileReference; lastKnownFileType = file; path = googleicon.ttf; sourceTree = "<group>"; };
		BE7E465C1C15A2C2006A40F2 /* MyDocument.swift */ = {isa = PBXFileReference; fileEncoding = 4; lastKnownFileType = sourcecode.swift; path = MyDocument.swift; sourceTree = "<group>"; };
		BE7E465E1C15AD81006A40F2 /* ItemCell.swift */ = {isa = PBXFileReference; fileEncoding = 4; lastKnownFileType = sourcecode.swift; path = ItemCell.swift; sourceTree = "<group>"; };
		BE7E46601C15CABA006A40F2 /* TextViewController.swift */ = {isa = PBXFileReference; fileEncoding = 4; lastKnownFileType = sourcecode.swift; path = TextViewController.swift; sourceTree = "<group>"; };
		BE7E46671C15DA31006A40F2 /* TimeConponent.swift */ = {isa = PBXFileReference; fileEncoding = 4; lastKnownFileType = sourcecode.swift; path = TimeConponent.swift; sourceTree = "<group>"; };
		BEBA12451C16FCF9003D6AD2 /* PDFViewController.swift */ = {isa = PBXFileReference; fileEncoding = 4; lastKnownFileType = sourcecode.swift; path = PDFViewController.swift; sourceTree = "<group>"; };
		BEC92B801C15EC6E00A2645C /* UIViewController.swift */ = {isa = PBXFileReference; fileEncoding = 4; lastKnownFileType = sourcecode.swift; path = UIViewController.swift; sourceTree = "<group>"; };
		BEC92B821C167E5C00A2645C /* LeftViewController.swift */ = {isa = PBXFileReference; fileEncoding = 4; lastKnownFileType = sourcecode.swift; path = LeftViewController.swift; sourceTree = "<group>"; };
		BEC92B841C167FC900A2645C /* SlideMenuController.swift */ = {isa = PBXFileReference; fileEncoding = 4; lastKnownFileType = sourcecode.swift; path = SlideMenuController.swift; sourceTree = "<group>"; };
		BEECB1771C1731EF003A34B0 /* EditToolBarController.swift */ = {isa = PBXFileReference; fileEncoding = 4; lastKnownFileType = sourcecode.swift; path = EditToolBarController.swift; sourceTree = "<group>"; };
		BEECB1781C1731EF003A34B0 /* EditToolBarController.xib */ = {isa = PBXFileReference; fileEncoding = 4; lastKnownFileType = file.xib; path = EditToolBarController.xib; sourceTree = "<group>"; };
		BEECB17C1C1742C7003A34B0 /* WebServerViewController.swift */ = {isa = PBXFileReference; fileEncoding = 4; lastKnownFileType = sourcecode.swift; path = WebServerViewController.swift; sourceTree = "<group>"; };
		BEECB17E1C17438E003A34B0 /* GCDWebUploader.bundle */ = {isa = PBXFileReference; lastKnownFileType = "wrapper.plug-in"; path = GCDWebUploader.bundle; sourceTree = "<group>"; };
		CF5D295BE58C7792553FAD73 /* Pods_Note.framework */ = {isa = PBXFileReference; explicitFileType = wrapper.framework; includeInIndex = 0; path = Pods_Note.framework; sourceTree = BUILT_PRODUCTS_DIR; };
		F9A63C65014CE0D26E705CC1 /* Pods-Note.debug.xcconfig */ = {isa = PBXFileReference; includeInIndex = 1; lastKnownFileType = text.xcconfig; name = "Pods-Note.debug.xcconfig"; path = "Pods/Target Support Files/Pods-Note/Pods-Note.debug.xcconfig"; sourceTree = "<group>"; };
/* End PBXFileReference section */

/* Begin PBXFrameworksBuildPhase section */
		BE7E46341C157453006A40F2 /* Frameworks */ = {
			isa = PBXFrameworksBuildPhase;
			buildActionMask = 2147483647;
			files = (
				3031D8E52BB0FCFB8E145CB4 /* Pods_Note.framework in Frameworks */,
			);
			runOnlyForDeploymentPostprocessing = 0;
		};
/* End PBXFrameworksBuildPhase section */

/* Begin PBXGroup section */
		9CA13C8005877E38798EB23E /* Pods */ = {
			isa = PBXGroup;
			children = (
				F9A63C65014CE0D26E705CC1 /* Pods-Note.debug.xcconfig */,
				3BBB48757D7B4F33880F919C /* Pods-Note.release.xcconfig */,
			);
			name = Pods;
			sourceTree = "<group>";
		};
		BE0797E81C1691EF008D475C /* leftView */ = {
			isa = PBXGroup;
			children = (
				BEC92B821C167E5C00A2645C /* LeftViewController.swift */,
				BE0797E61C168E39008D475C /* LeftViewCell.swift */,
			);
			path = leftView;
			sourceTree = "<group>";
		};
		BE0797EF1C1694C9008D475C /* textView */ = {
			isa = PBXGroup;
			children = (
				BE7E46601C15CABA006A40F2 /* TextViewController.swift */,
				BEECB1771C1731EF003A34B0 /* EditToolBarController.swift */,
				BEECB1781C1731EF003A34B0 /* EditToolBarController.xib */,
			);
			path = textView;
			sourceTree = "<group>";
		};
		BE0797F01C169B4F008D475C /* preview */ = {
			isa = PBXGroup;
			children = (
				BE0797F11C169B71008D475C /* PreviewViewController.swift */,
				BE0797F21C169B71008D475C /* marked.min.js */,
				BE0797F31C169B71008D475C /* highlight.min.js */,
				BE0797F41C169B71008D475C /* dark.min.css */,
				BE0797F51C169B71008D475C /* preview.html */,
			);
			path = preview;
			sourceTree = "<group>";
		};
		BE1BFF061C1AC92F00AA77E9 /* setView */ = {
			isa = PBXGroup;
			children = (
				BE5592111C210D4C00B02B7A /* SelfConfig.swift */,
				BE55920F1C21084000B02B7A /* SetConfig.swift */,
				BE0797E41C16899E008D475C /* SettingViewController.swift */,
				BE1BFF091C1BFB5700AA77E9 /* PopupViewController.swift */,
				BE1BFF071C1AC95100AA77E9 /* SetViewCell.swift */,
				BE7854DA1C1E9E5E00C42EFC /* FormatPopupViewController.swift */,
				BE7854DC1C1E9E9000C42EFC /* NamePopupViewController.swift */,
				BE7854DE1C1EA70200C42EFC /* SettingModel.swift */,
			);
			name = setView;
			sourceTree = "<group>";
		};
		BE248F301C1836B200609600 /* helpView */ = {
			isa = PBXGroup;
			children = (
				BE0A85771C1ECDD00036FEBC /* note.md */,
				BE248F311C1836D100609600 /* HelpViewController.swift */,
			);
			name = helpView;
			sourceTree = "<group>";
		};
		BE7854E21C1EAFAD00C42EFC /* feedbackView */ = {
			isa = PBXGroup;
			children = (
				BE248F331C18375D00609600 /* FeedbackViewController.swift */,
			);
			name = feedbackView;
			sourceTree = "<group>";
		};
		BE7E462E1C157453006A40F2 = {
			isa = PBXGroup;
			children = (
				BE7E46391C157453006A40F2 /* Note */,
				BE7E46381C157453006A40F2 /* Products */,
				D4C95B3AB92CC58855CA0D18 /* Frameworks */,
				9CA13C8005877E38798EB23E /* Pods */,
			);
			sourceTree = "<group>";
		};
		BE7E46381C157453006A40F2 /* Products */ = {
			isa = PBXGroup;
			children = (
				BE7E46371C157453006A40F2 /* Note.app */,
			);
			name = Products;
			sourceTree = "<group>";
		};
		BE7E46391C157453006A40F2 /* Note */ = {
			isa = PBXGroup;
			children = (
				BE7854E21C1EAFAD00C42EFC /* feedbackView */,
				BE1BFF061C1AC92F00AA77E9 /* setView */,
				BE248F301C1836B200609600 /* helpView */,
				BEECB17B1C17426E003A34B0 /* webServerView */,
				BE0797F01C169B4F008D475C /* preview */,
				BE0797EF1C1694C9008D475C /* textView */,
				BE0797E81C1691EF008D475C /* leftView */,
				BE7E46621C15CD63006A40F2 /* component */,
				BE7E463A1C157454006A40F2 /* AppDelegate.swift */,
				BE7E463C1C157454006A40F2 /* ViewController.swift */,
				BE7E465E1C15AD81006A40F2 /* ItemCell.swift */,
				BE7E463E1C157454006A40F2 /* Main.storyboard */,
				BE7E46411C157454006A40F2 /* Assets.xcassets */,
				BE7E46431C157454006A40F2 /* LaunchScreen.storyboard */,
				BE7E46461C157454006A40F2 /* Info.plist */,
				BEBA12451C16FCF9003D6AD2 /* PDFViewController.swift */,
				BE6AB8441C2A50A200C3BA9D /* InfoPlist.strings */,
			);
			path = Note;
			sourceTree = "<group>";
		};
		BE7E46621C15CD63006A40F2 /* component */ = {
			isa = PBXGroup;
			children = (
				BE248F2E1C17EDD900609600 /* HRToast+UIView.swift */,
				BE0797FB1C16EB33008D475C /* myicomoon.ttf */,
				BE0797FD1C16EB66008D475C /* IcoMoon.swift */,
				BEC92B841C167FC900A2645C /* SlideMenuController.swift */,
				BEC92B801C15EC6E00A2645C /* UIViewController.swift */,
				BE7E46671C15DA31006A40F2 /* TimeConponent.swift */,
				BE7E46521C157EC3006A40F2 /* GoogleIcon.swift */,
				BE7E46531C157EC3006A40F2 /* googleicon.ttf */,
				BE7E464C1C157498006A40F2 /* ButtonComponent.swift */,
				BE7E464E1C157B8E006A40F2 /* ViewComponent.swift */,
				BE7E46501C157BC7006A40F2 /* ColorComponent.swift */,
				BE7E465C1C15A2C2006A40F2 /* MyDocument.swift */,
				BE0A85751C1EC9510036FEBC /* MarkDownParse.swift */,
			);
			path = component;
			sourceTree = "<group>";
		};
		BEECB17B1C17426E003A34B0 /* webServerView */ = {
			isa = PBXGroup;
			children = (
				BEECB17C1C1742C7003A34B0 /* WebServerViewController.swift */,
				BEECB17E1C17438E003A34B0 /* GCDWebUploader.bundle */,
			);
			name = webServerView;
			path = webServer;
			sourceTree = "<group>";
		};
		D4C95B3AB92CC58855CA0D18 /* Frameworks */ = {
			isa = PBXGroup;
			children = (
				CF5D295BE58C7792553FAD73 /* Pods_Note.framework */,
			);
			name = Frameworks;
			sourceTree = "<group>";
		};
/* End PBXGroup section */

/* Begin PBXNativeTarget section */
		BE7E46361C157453006A40F2 /* Note */ = {
			isa = PBXNativeTarget;
			buildConfigurationList = BE7E46491C157454006A40F2 /* Build configuration list for PBXNativeTarget "Note" */;
			buildPhases = (
				94AE7F3517FCABD386F6B34A /* Check Pods Manifest.lock */,
				BE7E46331C157453006A40F2 /* Sources */,
				BE7E46341C157453006A40F2 /* Frameworks */,
				BE7E46351C157453006A40F2 /* Resources */,
				D1CF300BBF98E34B0C75CB94 /* Embed Pods Frameworks */,
				14D111F541C0BA6AE43E3851 /* Copy Pods Resources */,
			);
			buildRules = (
			);
			dependencies = (
			);
			name = Note;
			productName = Note;
			productReference = BE7E46371C157453006A40F2 /* Note.app */;
			productType = "com.apple.product-type.application";
		};
/* End PBXNativeTarget section */

/* Begin PBXProject section */
		BE7E462F1C157453006A40F2 /* Project object */ = {
			isa = PBXProject;
			attributes = {
				LastSwiftUpdateCheck = 0710;
				LastUpgradeCheck = 0710;
				ORGANIZATIONNAME = D_ttang;
				TargetAttributes = {
					BE7E46361C157453006A40F2 = {
						CreatedOnToolsVersion = 7.1.1;
						DevelopmentTeam = 4V7K2LWS7U;
					};
				};
			};
			buildConfigurationList = BE7E46321C157453006A40F2 /* Build configuration list for PBXProject "Note" */;
			compatibilityVersion = "Xcode 3.2";
			developmentRegion = English;
			hasScannedForEncodings = 0;
			knownRegions = (
				en,
				Base,
			);
			mainGroup = BE7E462E1C157453006A40F2;
			productRefGroup = BE7E46381C157453006A40F2 /* Products */;
			projectDirPath = "";
			projectRoot = "";
			targets = (
				BE7E46361C157453006A40F2 /* Note */,
			);
		};
/* End PBXProject section */

/* Begin PBXResourcesBuildPhase section */
		BE7E46351C157453006A40F2 /* Resources */ = {
			isa = PBXResourcesBuildPhase;
			buildActionMask = 2147483647;
			files = (
				BE0A85791C1ECE120036FEBC /* note.md in Resources */,
				BE7E46551C157EC3006A40F2 /* googleicon.ttf in Resources */,
				BE7E46451C157454006A40F2 /* LaunchScreen.storyboard in Resources */,
				BE6AB8421C2A50A200C3BA9D /* InfoPlist.strings in Resources */,
				BE0797F71C169B71008D475C /* marked.min.js in Resources */,
				BEECB17A1C1731EF003A34B0 /* EditToolBarController.xib in Resources */,
				BEECB17F1C17438E003A34B0 /* GCDWebUploader.bundle in Resources */,
				BE0797FC1C16EB33008D475C /* myicomoon.ttf in Resources */,
				BE7E46421C157454006A40F2 /* Assets.xcassets in Resources */,
				BE0797FA1C169B71008D475C /* preview.html in Resources */,
				BE7E46401C157454006A40F2 /* Main.storyboard in Resources */,
				BE0797F81C169B71008D475C /* highlight.min.js in Resources */,
				BE0797F91C169B71008D475C /* dark.min.css in Resources */,
			);
			runOnlyForDeploymentPostprocessing = 0;
		};
/* End PBXResourcesBuildPhase section */

/* Begin PBXShellScriptBuildPhase section */
		14D111F541C0BA6AE43E3851 /* Copy Pods Resources */ = {
			isa = PBXShellScriptBuildPhase;
			buildActionMask = 2147483647;
			files = (
			);
			inputPaths = (
			);
			name = "Copy Pods Resources";
			outputPaths = (
			);
			runOnlyForDeploymentPostprocessing = 0;
			shellPath = /bin/sh;
			shellScript = "\"${SRCROOT}/Pods/Target Support Files/Pods-Note/Pods-Note-resources.sh\"\n";
			showEnvVarsInLog = 0;
		};
		94AE7F3517FCABD386F6B34A /* Check Pods Manifest.lock */ = {
			isa = PBXShellScriptBuildPhase;
			buildActionMask = 2147483647;
			files = (
			);
			inputPaths = (
			);
			name = "Check Pods Manifest.lock";
			outputPaths = (
			);
			runOnlyForDeploymentPostprocessing = 0;
			shellPath = /bin/sh;
			shellScript = "diff \"${PODS_ROOT}/../Podfile.lock\" \"${PODS_ROOT}/Manifest.lock\" > /dev/null\nif [[ $? != 0 ]] ; then\n    cat << EOM\nerror: The sandbox is not in sync with the Podfile.lock. Run 'pod install' or update your CocoaPods installation.\nEOM\n    exit 1\nfi\n";
			showEnvVarsInLog = 0;
		};
		D1CF300BBF98E34B0C75CB94 /* Embed Pods Frameworks */ = {
			isa = PBXShellScriptBuildPhase;
			buildActionMask = 2147483647;
			files = (
			);
			inputPaths = (
			);
			name = "Embed Pods Frameworks";
			outputPaths = (
			);
			runOnlyForDeploymentPostprocessing = 0;
			shellPath = /bin/sh;
			shellScript = "\"${SRCROOT}/Pods/Target Support Files/Pods-Note/Pods-Note-frameworks.sh\"\n";
			showEnvVarsInLog = 0;
		};
/* End PBXShellScriptBuildPhase section */

/* Begin PBXSourcesBuildPhase section */
		BE7E46331C157453006A40F2 /* Sources */ = {
			isa = PBXSourcesBuildPhase;
			buildActionMask = 2147483647;
			files = (
				BE1BFF0A1C1BFB5700AA77E9 /* PopupViewController.swift in Sources */,
				BE7E465F1C15AD81006A40F2 /* ItemCell.swift in Sources */,
				BEBA12461C16FCF9003D6AD2 /* PDFViewController.swift in Sources */,
				BE7E46681C15DA31006A40F2 /* TimeConponent.swift in Sources */,
				BE7E464F1C157B8E006A40F2 /* ViewComponent.swift in Sources */,
				BE248F341C18375D00609600 /* FeedbackViewController.swift in Sources */,
				BE7854DD1C1E9E9000C42EFC /* NamePopupViewController.swift in Sources */,
				BE0797E71C168E39008D475C /* LeftViewCell.swift in Sources */,
				BE0A85761C1EC9510036FEBC /* MarkDownParse.swift in Sources */,
				BE0797F61C169B71008D475C /* PreviewViewController.swift in Sources */,
				BE7E463D1C157454006A40F2 /* ViewController.swift in Sources */,
				BE5592121C210D4C00B02B7A /* SelfConfig.swift in Sources */,
				BEC92B831C167E5C00A2645C /* LeftViewController.swift in Sources */,
				BE0A85781C1ECDD00036FEBC /* note.md in Sources */,
				BEECB17D1C1742C7003A34B0 /* WebServerViewController.swift in Sources */,
				BE7854DF1C1EA70200C42EFC /* SettingModel.swift in Sources */,
				BE0797E51C16899E008D475C /* SettingViewController.swift in Sources */,
				BE7E464D1C157498006A40F2 /* ButtonComponent.swift in Sources */,
				BE248F321C1836D100609600 /* HelpViewController.swift in Sources */,
				BEECB1791C1731EF003A34B0 /* EditToolBarController.swift in Sources */,
				BEC92B811C15EC6E00A2645C /* UIViewController.swift in Sources */,
				BEC92B851C167FC900A2645C /* SlideMenuController.swift in Sources */,
				BE0797FE1C16EB66008D475C /* IcoMoon.swift in Sources */,
				BE7E46541C157EC3006A40F2 /* GoogleIcon.swift in Sources */,
				BE7E46611C15CABA006A40F2 /* TextViewController.swift in Sources */,
				BE1BFF081C1AC95100AA77E9 /* SetViewCell.swift in Sources */,
				BE7E465D1C15A2C2006A40F2 /* MyDocument.swift in Sources */,
				BE7E463B1C157454006A40F2 /* AppDelegate.swift in Sources */,
				BE7E46511C157BC7006A40F2 /* ColorComponent.swift in Sources */,
				BE7854DB1C1E9E5E00C42EFC /* FormatPopupViewController.swift in Sources */,
				BE248F2F1C17EDD900609600 /* HRToast+UIView.swift in Sources */,
				BE5592101C21084000B02B7A /* SetConfig.swift in Sources */,
			);
			runOnlyForDeploymentPostprocessing = 0;
		};
/* End PBXSourcesBuildPhase section */

/* Begin PBXVariantGroup section */
		BE6AB8441C2A50A200C3BA9D /* InfoPlist.strings */ = {
			isa = PBXVariantGroup;
			children = (
				BE6AB8431C2A50A200C3BA9D /* Base */,
				BE6AB8451C2A50B100C3BA9D /* en */,
			);
			name = InfoPlist.strings;
			sourceTree = "<group>";
		};
		BE7E463E1C157454006A40F2 /* Main.storyboard */ = {
			isa = PBXVariantGroup;
			children = (
				BE7E463F1C157454006A40F2 /* Base */,
			);
			name = Main.storyboard;
			sourceTree = "<group>";
		};
		BE7E46431C157454006A40F2 /* LaunchScreen.storyboard */ = {
			isa = PBXVariantGroup;
			children = (
				BE7E46441C157454006A40F2 /* Base */,
			);
			name = LaunchScreen.storyboard;
			sourceTree = "<group>";
		};
/* End PBXVariantGroup section */

/* Begin XCBuildConfiguration section */
		BE7E46471C157454006A40F2 /* Debug */ = {
			isa = XCBuildConfiguration;
			buildSettings = {
				ALWAYS_SEARCH_USER_PATHS = NO;
				CLANG_CXX_LANGUAGE_STANDARD = "gnu++0x";
				CLANG_CXX_LIBRARY = "libc++";
				CLANG_ENABLE_MODULES = YES;
				CLANG_ENABLE_OBJC_ARC = YES;
				CLANG_WARN_BOOL_CONVERSION = YES;
				CLANG_WARN_CONSTANT_CONVERSION = YES;
				CLANG_WARN_DIRECT_OBJC_ISA_USAGE = YES_ERROR;
				CLANG_WARN_EMPTY_BODY = YES;
				CLANG_WARN_ENUM_CONVERSION = YES;
				CLANG_WARN_INT_CONVERSION = YES;
				CLANG_WARN_OBJC_ROOT_CLASS = YES_ERROR;
				CLANG_WARN_UNREACHABLE_CODE = YES;
				CLANG_WARN__DUPLICATE_METHOD_MATCH = YES;
				CODE_SIGN_IDENTITY = "";
				"CODE_SIGN_IDENTITY[sdk=iphoneos*]" = "iPhone Developer";
				COPY_PHASE_STRIP = NO;
				DEBUG_INFORMATION_FORMAT = dwarf;
				ENABLE_STRICT_OBJC_MSGSEND = YES;
				ENABLE_TESTABILITY = YES;
				GCC_C_LANGUAGE_STANDARD = gnu99;
				GCC_DYNAMIC_NO_PIC = NO;
				GCC_NO_COMMON_BLOCKS = YES;
				GCC_OPTIMIZATION_LEVEL = 0;
				GCC_PREPROCESSOR_DEFINITIONS = (
					"DEBUG=1",
					"$(inherited)",
				);
				GCC_WARN_64_TO_32_BIT_CONVERSION = YES;
				GCC_WARN_ABOUT_RETURN_TYPE = YES_ERROR;
				GCC_WARN_UNDECLARED_SELECTOR = YES;
				GCC_WARN_UNINITIALIZED_AUTOS = YES_AGGRESSIVE;
				GCC_WARN_UNUSED_FUNCTION = YES;
				GCC_WARN_UNUSED_VARIABLE = YES;
				IPHONEOS_DEPLOYMENT_TARGET = 9.1;
				MTL_ENABLE_DEBUG_INFO = YES;
				ONLY_ACTIVE_ARCH = YES;
				SDKROOT = iphoneos;
				SWIFT_OPTIMIZATION_LEVEL = "-Onone";
			};
			name = Debug;
		};
		BE7E46481C157454006A40F2 /* Release */ = {
			isa = XCBuildConfiguration;
			buildSettings = {
				ALWAYS_SEARCH_USER_PATHS = NO;
				CLANG_CXX_LANGUAGE_STANDARD = "gnu++0x";
				CLANG_CXX_LIBRARY = "libc++";
				CLANG_ENABLE_MODULES = YES;
				CLANG_ENABLE_OBJC_ARC = YES;
				CLANG_WARN_BOOL_CONVERSION = YES;
				CLANG_WARN_CONSTANT_CONVERSION = YES;
				CLANG_WARN_DIRECT_OBJC_ISA_USAGE = YES_ERROR;
				CLANG_WARN_EMPTY_BODY = YES;
				CLANG_WARN_ENUM_CONVERSION = YES;
				CLANG_WARN_INT_CONVERSION = YES;
				CLANG_WARN_OBJC_ROOT_CLASS = YES_ERROR;
				CLANG_WARN_UNREACHABLE_CODE = YES;
				CLANG_WARN__DUPLICATE_METHOD_MATCH = YES;
				CODE_SIGN_IDENTITY = "";
				"CODE_SIGN_IDENTITY[sdk=iphoneos*]" = "iPhone Developer";
				COPY_PHASE_STRIP = NO;
				DEBUG_INFORMATION_FORMAT = "dwarf-with-dsym";
				ENABLE_NS_ASSERTIONS = NO;
				ENABLE_STRICT_OBJC_MSGSEND = YES;
				GCC_C_LANGUAGE_STANDARD = gnu99;
				GCC_NO_COMMON_BLOCKS = YES;
				GCC_WARN_64_TO_32_BIT_CONVERSION = YES;
				GCC_WARN_ABOUT_RETURN_TYPE = YES_ERROR;
				GCC_WARN_UNDECLARED_SELECTOR = YES;
				GCC_WARN_UNINITIALIZED_AUTOS = YES_AGGRESSIVE;
				GCC_WARN_UNUSED_FUNCTION = YES;
				GCC_WARN_UNUSED_VARIABLE = YES;
				IPHONEOS_DEPLOYMENT_TARGET = 9.1;
				MTL_ENABLE_DEBUG_INFO = NO;
				SDKROOT = iphoneos;
				VALIDATE_PRODUCT = YES;
			};
			name = Release;
		};
		BE7E464A1C157454006A40F2 /* Debug */ = {
			isa = XCBuildConfiguration;
			baseConfigurationReference = F9A63C65014CE0D26E705CC1 /* Pods-Note.debug.xcconfig */;
			buildSettings = {
				ASSETCATALOG_COMPILER_APPICON_NAME = AppIcon;
				INFOPLIST_FILE = Note/Info.plist;
				IPHONEOS_DEPLOYMENT_TARGET = 8.0;
				LD_RUNPATH_SEARCH_PATHS = "$(inherited) @executable_path/Frameworks";
				PRODUCT_BUNDLE_IDENTIFIER = com.ttang.Note;
				PRODUCT_NAME = "$(TARGET_NAME)";
			};
			name = Debug;
		};
		BE7E464B1C157454006A40F2 /* Release */ = {
			isa = XCBuildConfiguration;
			baseConfigurationReference = 3BBB48757D7B4F33880F919C /* Pods-Note.release.xcconfig */;
			buildSettings = {
				ASSETCATALOG_COMPILER_APPICON_NAME = AppIcon;
				INFOPLIST_FILE = Note/Info.plist;
				IPHONEOS_DEPLOYMENT_TARGET = 8.0;
				LD_RUNPATH_SEARCH_PATHS = "$(inherited) @executable_path/Frameworks";
				PRODUCT_BUNDLE_IDENTIFIER = com.ttang.Note;
				PRODUCT_NAME = "$(TARGET_NAME)";
			};
			name = Release;
		};
/* End XCBuildConfiguration section */

/* Begin XCConfigurationList section */
		BE7E46321C157453006A40F2 /* Build configuration list for PBXProject "Note" */ = {
			isa = XCConfigurationList;
			buildConfigurations = (
				BE7E46471C157454006A40F2 /* Debug */,
				BE7E46481C157454006A40F2 /* Release */,
			);
			defaultConfigurationIsVisible = 0;
			defaultConfigurationName = Release;
		};
		BE7E46491C157454006A40F2 /* Build configuration list for PBXNativeTarget "Note" */ = {
			isa = XCConfigurationList;
			buildConfigurations = (
				BE7E464A1C157454006A40F2 /* Debug */,
				BE7E464B1C157454006A40F2 /* Release */,
			);
			defaultConfigurationIsVisible = 0;
			defaultConfigurationName = Release;
		};
/* End XCConfigurationList section */
	};
	rootObject = BE7E462F1C157453006A40F2 /* Project object */;
}
